// !$*UTF8*$!
{
	archiveVersion = 1;
	classes = {
	};
	objectVersion = 46;
	objects = {

/* Begin PBXBuildFile section */
		C4B1FB391B5C5A1600C348A5 /* AppDelegate.swift in Sources */ = {isa = PBXBuildFile; fileRef = C4B1FB381B5C5A1600C348A5 /* AppDelegate.swift */; };
		C4B1FB3B1B5C5A1600C348A5 /* ViewController.swift in Sources */ = {isa = PBXBuildFile; fileRef = C4B1FB3A1B5C5A1600C348A5 /* ViewController.swift */; };
		C4B1FB3E1B5C5A1600C348A5 /* Main.storyboard in Resources */ = {isa = PBXBuildFile; fileRef = C4B1FB3C1B5C5A1600C348A5 /* Main.storyboard */; };
		C4B1FB401B5C5A1600C348A5 /* Images.xcassets in Resources */ = {isa = PBXBuildFile; fileRef = C4B1FB3F1B5C5A1600C348A5 /* Images.xcassets */; };
		C4B1FB431B5C5A1600C348A5 /* LaunchScreen.xib in Resources */ = {isa = PBXBuildFile; fileRef = C4B1FB411B5C5A1600C348A5 /* LaunchScreen.xib */; };
		C4B1FB4F1B5C5A1600C348A5 /* pgTests.swift in Sources */ = {isa = PBXBuildFile; fileRef = C4B1FB4E1B5C5A1600C348A5 /* pgTests.swift */; };
/* End PBXBuildFile section */

/* Begin PBXContainerItemProxy section */
		C4B1FB491B5C5A1600C348A5 /* PBXContainerItemProxy */ = {
			isa = PBXContainerItemProxy;
			containerPortal = C4B1FB2B1B5C5A1600C348A5 /* Project object */;
			proxyType = 1;
			remoteGlobalIDString = C4B1FB321B5C5A1600C348A5;
			remoteInfo = pg;
		};
/* End PBXContainerItemProxy section */

/* Begin PBXFileReference section */
		C4B1FB331B5C5A1600C348A5 /* pg.app */ = {isa = PBXFileReference; explicitFileType = wrapper.application; includeInIndex = 0; path = pg.app; sourceTree = BUILT_PRODUCTS_DIR; };
		C4B1FB371B5C5A1600C348A5 /* Info.plist */ = {isa = PBXFileReference; lastKnownFileType = text.plist.xml; path = Info.plist; sourceTree = "<group>"; };
		C4B1FB381B5C5A1600C348A5 /* AppDelegate.swift */ = {isa = PBXFileReference; lastKnownFileType = sourcecode.swift; path = AppDelegate.swift; sourceTree = "<group>"; };
		C4B1FB3A1B5C5A1600C348A5 /* ViewController.swift */ = {isa = PBXFileReference; lastKnownFileType = sourcecode.swift; path = ViewController.swift; sourceTree = "<group>"; };
		C4B1FB3D1B5C5A1600C348A5 /* Base */ = {isa = PBXFileReference; lastKnownFileType = file.storyboard; name = Base; path = Base.lproj/Main.storyboard; sourceTree = "<group>"; };
		C4B1FB3F1B5C5A1600C348A5 /* Images.xcassets */ = {isa = PBXFileReference; lastKnownFileType = folder.assetcatalog; path = Images.xcassets; sourceTree = "<group>"; };
		C4B1FB421B5C5A1600C348A5 /* Base */ = {isa = PBXFileReference; lastKnownFileType = file.xib; name = Base; path = Base.lproj/LaunchScreen.xib; sourceTree = "<group>"; };
		C4B1FB481B5C5A1600C348A5 /* pgTests.xctest */ = {isa = PBXFileReference; explicitFileType = wrapper.cfbundle; includeInIndex = 0; path = pgTests.xctest; sourceTree = BUILT_PRODUCTS_DIR; };
		C4B1FB4D1B5C5A1600C348A5 /* Info.plist */ = {isa = PBXFileReference; lastKnownFileType = text.plist.xml; path = Info.plist; sourceTree = "<group>"; };
		C4B1FB4E1B5C5A1600C348A5 /* pgTests.swift */ = {isa = PBXFileReference; lastKnownFileType = sourcecode.swift; path = pgTests.swift; sourceTree = "<group>"; };
		C4B1FB581B5C5BA100C348A5 /* pg.playground */ = {isa = PBXFileReference; lastKnownFileType = file.playground; path = pg.playground; sourceTree = "<group>"; };
/* End PBXFileReference section */

/* Begin PBXFrameworksBuildPhase section */
		C4B1FB301B5C5A1600C348A5 /* Frameworks */ = {
			isa = PBXFrameworksBuildPhase;
			buildActionMask = 2147483647;
			files = (
			);
			runOnlyForDeploymentPostprocessing = 0;
		};
		C4B1FB451B5C5A1600C348A5 /* Frameworks */ = {
			isa = PBXFrameworksBuildPhase;
			buildActionMask = 2147483647;
			files = (
			);
			runOnlyForDeploymentPostprocessing = 0;
		};
/* End PBXFrameworksBuildPhase section */

/* Begin PBXGroup section */
		C4B1FB2A1B5C5A1600C348A5 = {
			isa = PBXGroup;
			children = (
				C4B1FB351B5C5A1600C348A5 /* pg */,
				C4B1FB4B1B5C5A1600C348A5 /* pgTests */,
				C4B1FB341B5C5A1600C348A5 /* Products */,
				C4B1FB581B5C5BA100C348A5 /* pg.playground */,
			);
			sourceTree = "<group>";
		};
		C4B1FB341B5C5A1600C348A5 /* Products */ = {
			isa = PBXGroup;
			children = (
				C4B1FB331B5C5A1600C348A5 /* pg.app */,
				C4B1FB481B5C5A1600C348A5 /* pgTests.xctest */,
			);
			name = Products;
			sourceTree = "<group>";
		};
		C4B1FB351B5C5A1600C348A5 /* pg */ = {
			isa = PBXGroup;
			children = (
				C4B1FB381B5C5A1600C348A5 /* AppDelegate.swift */,
				C4B1FB3A1B5C5A1600C348A5 /* ViewController.swift */,
				C4B1FB3C1B5C5A1600C348A5 /* Main.storyboard */,
				C4B1FB411B5C5A1600C348A5 /* LaunchScreen.xib */,
				C4B1FB3F1B5C5A1600C348A5 /* Images.xcassets */,
				C4B1FB361B5C5A1600C348A5 /* Supporting Files */,
			);
			path = pg;
			sourceTree = "<group>";
		};
		C4B1FB361B5C5A1600C348A5 /* Supporting Files */ = {
			isa = PBXGroup;
			children = (
				C4B1FB371B5C5A1600C348A5 /* Info.plist */,
			);
			name = "Supporting Files";
			sourceTree = "<group>";
		};
		C4B1FB4B1B5C5A1600C348A5 /* pgTests */ = {
			isa = PBXGroup;
			children = (
				C4B1FB4E1B5C5A1600C348A5 /* pgTests.swift */,
				C4B1FB4C1B5C5A1600C348A5 /* Supporting Files */,
			);
			path = pgTests;
			sourceTree = "<group>";
		};
		C4B1FB4C1B5C5A1600C348A5 /* Supporting Files */ = {
			isa = PBXGroup;
			children = (
				C4B1FB4D1B5C5A1600C348A5 /* Info.plist */,
			);
			name = "Supporting Files";
			sourceTree = "<group>";
		};
/* End PBXGroup section */

/* Begin PBXNativeTarget section */
		C4B1FB321B5C5A1600C348A5 /* pg */ = {
			isa = PBXNativeTarget;
			buildConfigurationList = C4B1FB521B5C5A1600C348A5 /* Build configuration list for PBXNativeTarget "pg" */;
			buildPhases = (
				C4B1FB2F1B5C5A1600C348A5 /* Sources */,
				C4B1FB301B5C5A1600C348A5 /* Frameworks */,
				C4B1FB311B5C5A1600C348A5 /* Resources */,
			);
			buildRules = (
			);
			dependencies = (
			);
			name = pg;
			productName = pg;
			productReference = C4B1FB331B5C5A1600C348A5 /* pg.app */;
			productType = "com.apple.product-type.application";
		};
		C4B1FB471B5C5A1600C348A5 /* pgTests */ = {
			isa = PBXNativeTarget;
			buildConfigurationList = C4B1FB551B5C5A1600C348A5 /* Build configuration list for PBXNativeTarget "pgTests" */;
			buildPhases = (
				C4B1FB441B5C5A1600C348A5 /* Sources */,
				C4B1FB451B5C5A1600C348A5 /* Frameworks */,
				C4B1FB461B5C5A1600C348A5 /* Resources */,
			);
			buildRules = (
			);
			dependencies = (
				C4B1FB4A1B5C5A1600C348A5 /* PBXTargetDependency */,
			);
			name = pgTests;
			productName = pgTests;
			productReference = C4B1FB481B5C5A1600C348A5 /* pgTests.xctest */;
			productType = "com.apple.product-type.bundle.unit-test";
		};
/* End PBXNativeTarget section */

/* Begin PBXProject section */
		C4B1FB2B1B5C5A1600C348A5 /* Project object */ = {
			isa = PBXProject;
			attributes = {
				LastSwiftUpdateCheck = 0700;
				LastUpgradeCheck = 0700;
				ORGANIZATIONNAME = onev;
				TargetAttributes = {
					C4B1FB321B5C5A1600C348A5 = {
						CreatedOnToolsVersion = 6.4;
					};
					C4B1FB471B5C5A1600C348A5 = {
						CreatedOnToolsVersion = 6.4;
						TestTargetID = C4B1FB321B5C5A1600C348A5;
					};
				};
			};
			buildConfigurationList = C4B1FB2E1B5C5A1600C348A5 /* Build configuration list for PBXProject "pg" */;
			compatibilityVersion = "Xcode 3.2";
			developmentRegion = English;
			hasScannedForEncodings = 0;
			knownRegions = (
				en,
				Base,
			);
			mainGroup = C4B1FB2A1B5C5A1600C348A5;
			productRefGroup = C4B1FB341B5C5A1600C348A5 /* Products */;
			projectDirPath = "";
			projectRoot = "";
			targets = (
				C4B1FB321B5C5A1600C348A5 /* pg */,
				C4B1FB471B5C5A1600C348A5 /* pgTests */,
			);
		};
/* End PBXProject section */

/* Begin PBXResourcesBuildPhase section */
		C4B1FB311B5C5A1600C348A5 /* Resources */ = {
			isa = PBXResourcesBuildPhase;
			buildActionMask = 2147483647;
			files = (
				C4B1FB3E1B5C5A1600C348A5 /* Main.storyboard in Resources */,
				C4B1FB431B5C5A1600C348A5 /* LaunchScreen.xib in Resources */,
				C4B1FB401B5C5A1600C348A5 /* Images.xcassets in Resources */,
			);
			runOnlyForDeploymentPostprocessing = 0;
		};
		C4B1FB461B5C5A1600C348A5 /* Resources */ = {
			isa = PBXResourcesBuildPhase;
			buildActionMask = 2147483647;
			files = (
			);
			runOnlyForDeploymentPostprocessing = 0;
		};
/* End PBXResourcesBuildPhase section */

/* Begin PBXSourcesBuildPhase section */
		C4B1FB2F1B5C5A1600C348A5 /* Sources */ = {
			isa = PBXSourcesBuildPhase;
			buildActionMask = 2147483647;
			files = (
				C4B1FB3B1B5C5A1600C348A5 /* ViewController.swift in Sources */,
				C4B1FB391B5C5A1600C348A5 /* AppDelegate.swift in Sources */,
			);
			runOnlyForDeploymentPostprocessing = 0;
		};
		C4B1FB441B5C5A1600C348A5 /* Sources */ = {
			isa = PBXSourcesBuildPhase;
			buildActionMask = 2147483647;
			files = (
				C4B1FB4F1B5C5A1600C348A5 /* pgTests.swift in Sources */,
			);
			runOnlyForDeploymentPostprocessing = 0;
		};
/* End PBXSourcesBuildPhase section */

/* Begin PBXTargetDependency section */
		C4B1FB4A1B5C5A1600C348A5 /* PBXTargetDependency */ = {
			isa = PBXTargetDependency;
			target = C4B1FB321B5C5A1600C348A5 /* pg */;
			targetProxy = C4B1FB491B5C5A1600C348A5 /* PBXContainerItemProxy */;
		};
/* End PBXTargetDependency section */

/* Begin PBXVariantGroup section */
		C4B1FB3C1B5C5A1600C348A5 /* Main.storyboard */ = {
			isa = PBXVariantGroup;
			children = (
				C4B1FB3D1B5C5A1600C348A5 /* Base */,
			);
			name = Main.storyboard;
			sourceTree = "<group>";
		};
		C4B1FB411B5C5A1600C348A5 /* LaunchScreen.xib */ = {
			isa = PBXVariantGroup;
			children = (
				C4B1FB421B5C5A1600C348A5 /* Base */,
			);
			name = LaunchScreen.xib;
			sourceTree = "<group>";
		};
/* End PBXVariantGroup section */

/* Begin XCBuildConfiguration section */
		C4B1FB501B5C5A1600C348A5 /* Debug */ = {
			isa = XCBuildConfiguration;
			buildSettings = {
				ALWAYS_SEARCH_USER_PATHS = NO;
				CLANG_CXX_LANGUAGE_STANDARD = "gnu++0x";
				CLANG_CXX_LIBRARY = "libc++";
				CLANG_ENABLE_MODULES = YES;
				CLANG_ENABLE_OBJC_ARC = YES;
				CLANG_WARN_BOOL_CONVERSION = YES;
				CLANG_WARN_CONSTANT_CONVERSION = YES;
				CLANG_WARN_DIRECT_OBJC_ISA_USAGE = YES_ERROR;
				CLANG_WARN_EMPTY_BODY = YES;
				CLANG_WARN_ENUM_CONVERSION = YES;
				CLANG_WARN_INT_CONVERSION = YES;
				CLANG_WARN_OBJC_ROOT_CLASS = YES_ERROR;
				CLANG_WARN_UNREACHABLE_CODE = YES;
				CLANG_WARN__DUPLICATE_METHOD_MATCH = YES;
				"CODE_SIGN_IDENTITY[sdk=iphoneos*]" = "iPhone Developer";
				COPY_PHASE_STRIP = NO;
				DEBUG_INFORMATION_FORMAT = "dwarf-with-dsym";
				ENABLE_STRICT_OBJC_MSGSEND = YES;
				ENABLE_TESTABILITY = YES;
				GCC_C_LANGUAGE_STANDARD = gnu99;
				GCC_DYNAMIC_NO_PIC = NO;
				GCC_NO_COMMON_BLOCKS = YES;
				GCC_OPTIMIZATION_LEVEL = 0;
				GCC_PREPROCESSOR_DEFINITIONS = (
					"DEBUG=1",
					"$(inherited)",
				);
				GCC_SYMBOLS_PRIVATE_EXTERN = NO;
				GCC_WARN_64_TO_32_BIT_CONVERSION = YES;
				GCC_WARN_ABOUT_RETURN_TYPE = YES_ERROR;
				GCC_WARN_UNDECLARED_SELECTOR = YES;
				GCC_WARN_UNINITIALIZED_AUTOS = YES_AGGRESSIVE;
				GCC_WARN_UNUSED_FUNCTION = YES;
				GCC_WARN_UNUSED_VARIABLE = YES;
				IPHONEOS_DEPLOYMENT_TARGET = 7.0;
				MTL_ENABLE_DEBUG_INFO = YES;
				ONLY_ACTIVE_ARCH = YES;
				SDKROOT = iphoneos;
				SWIFT_OPTIMIZATION_LEVEL = "-Onone";
			};
			name = Debug;
		};
		C4B1FB511B5C5A1600C348A5 /* Release */ = {
			isa = XCBuildConfiguration;
			buildSettings = {
				ALWAYS_SEARCH_USER_PATHS = NO;
				CLANG_CXX_LANGUAGE_STANDARD = "gnu++0x";
				CLANG_CXX_LIBRARY = "libc++";
				CLANG_ENABLE_MODULES = YES;
				CLANG_ENABLE_OBJC_ARC = YES;
				CLANG_WARN_BOOL_CONVERSION = YES;
				CLANG_WARN_CONSTANT_CONVERSION = YES;
				CLANG_WARN_DIRECT_OBJC_ISA_USAGE = YES_ERROR;
				CLANG_WARN_EMPTY_BODY = YES;
				CLANG_WARN_ENUM_CONVERSION = YES;
				CLANG_WARN_INT_CONVERSION = YES;
				CLANG_WARN_OBJC_ROOT_CLASS = YES_ERROR;
				CLANG_WARN_UNREACHABLE_CODE = YES;
				CLANG_WARN__DUPLICATE_METHOD_MATCH = YES;
				"CODE_SIGN_IDENTITY[sdk=iphoneos*]" = "iPhone Developer";
				COPY_PHASE_STRIP = NO;
				DEBUG_INFORMATION_FORMAT = "dwarf-with-dsym";
				ENABLE_NS_ASSERTIONS = NO;
				ENABLE_STRICT_OBJC_MSGSEND = YES;
				GCC_C_LANGUAGE_STANDARD = gnu99;
				GCC_NO_COMMON_BLOCKS = YES;
				GCC_WARN_64_TO_32_BIT_CONVERSION = YES;
				GCC_WARN_ABOUT_RETURN_TYPE = YES_ERROR;
				GCC_WARN_UNDECLARED_SELECTOR = YES;
				GCC_WARN_UNINITIALIZED_AUTOS = YES_AGGRESSIVE;
				GCC_WARN_UNUSED_FUNCTION = YES;
				GCC_WARN_UNUSED_VARIABLE = YES;
				IPHONEOS_DEPLOYMENT_TARGET = 7.0;
				MTL_ENABLE_DEBUG_INFO = NO;
				SDKROOT = iphoneos;
				VALIDATE_PRODUCT = YES;
			};
			name = Release;
		};
		C4B1FB531B5C5A1600C348A5 /* Debug */ = {
			isa = XCBuildConfiguration;
			buildSettings = {
				ASSETCATALOG_COMPILER_APPICON_NAME = AppIcon;
				ASSETCATALOG_COMPILER_LAUNCHIMAGE_NAME = LaunchImage;
				INFOPLIST_FILE = pg/Info.plist;
				LD_RUNPATH_SEARCH_PATHS = "$(inherited) @executable_path/Frameworks";
				PRODUCT_BUNDLE_IDENTIFIER = "mep.$(PRODUCT_NAME:rfc1034identifier)";
				PRODUCT_NAME = "$(TARGET_NAME)";
			};
			name = Debug;
		};
		C4B1FB541B5C5A1600C348A5 /* Release */ = {
			isa = XCBuildConfiguration;
			buildSettings = {
				ASSETCATALOG_COMPILER_APPICON_NAME = AppIcon;
				ASSETCATALOG_COMPILER_LAUNCHIMAGE_NAME = LaunchImage;
				INFOPLIST_FILE = pg/Info.plist;
				LD_RUNPATH_SEARCH_PATHS = "$(inherited) @executable_path/Frameworks";
				PRODUCT_BUNDLE_IDENTIFIER = "mep.$(PRODUCT_NAME:rfc1034identifier)";
				PRODUCT_NAME = "$(TARGET_NAME)";
			};
			name = Release;
		};
		C4B1FB561B5C5A1600C348A5 /* Debug */ = {
			isa = XCBuildConfiguration;
			buildSettings = {
				BUNDLE_LOADER = "$(TEST_HOST)";
				GCC_PREPROCESSOR_DEFINITIONS = (
					"DEBUG=1",
					"$(inherited)",
				);
				INFOPLIST_FILE = pgTests/Info.plist;
				LD_RUNPATH_SEARCH_PATHS = "$(inherited) @executable_path/Frameworks @loader_path/Frameworks";
				PRODUCT_BUNDLE_IDENTIFIER = "mep.$(PRODUCT_NAME:rfc1034identifier)";
				PRODUCT_NAME = "$(TARGET_NAME)";
				TEST_HOST = "$(BUILT_PRODUCTS_DIR)/pg.app/pg";
			};
			name = Debug;
		};
		C4B1FB571B5C5A1600C348A5 /* Release */ = {
			isa = XCBuildConfiguration;
			buildSettings = {
				BUNDLE_LOADER = "$(TEST_HOST)";
				INFOPLIST_FILE = pgTests/Info.plist;
				LD_RUNPATH_SEARCH_PATHS = "$(inherited) @executable_path/Frameworks @loader_path/Frameworks";
				PRODUCT_BUNDLE_IDENTIFIER = "mep.$(PRODUCT_NAME:rfc1034identifier)";
				PRODUCT_NAME = "$(TARGET_NAME)";
				TEST_HOST = "$(BUILT_PRODUCTS_DIR)/pg.app/pg";
			};
			name = Release;
		};
/* End XCBuildConfiguration section */

/* Begin XCConfigurationList section */
		C4B1FB2E1B5C5A1600C348A5 /* Build configuration list for PBXProject "pg" */ = {
			isa = XCConfigurationList;
			buildConfigurations = (
				C4B1FB501B5C5A1600C348A5 /* Debug */,
				C4B1FB511B5C5A1600C348A5 /* Release */,
			);
			defaultConfigurationIsVisible = 0;
			defaultConfigurationName = Release;
		};
		C4B1FB521B5C5A1600C348A5 /* Build configuration list for PBXNativeTarget "pg" */ = {
			isa = XCConfigurationList;
			buildConfigurations = (
				C4B1FB531B5C5A1600C348A5 /* Debug */,
				C4B1FB541B5C5A1600C348A5 /* Release */,
			);
			defaultConfigurationIsVisible = 0;
			defaultConfigurationName = Release;
		};
		C4B1FB551B5C5A1600C348A5 /* Build configuration list for PBXNativeTarget "pgTests" */ = {
			isa = XCConfigurationList;
			buildConfigurations = (
				C4B1FB561B5C5A1600C348A5 /* Debug */,
				C4B1FB571B5C5A1600C348A5 /* Release */,
			);
			defaultConfigurationIsVisible = 0;
			defaultConfigurationName = Release;
		};
/* End XCConfigurationList section */
	};
	rootObject = C4B1FB2B1B5C5A1600C348A5 /* Project object */;
}
